
Microsoft Visual Studio Solution File, Format Version 12.00
# Visual Studio Version 17
VisualStudioVersion = 17.3.32929.385
MinimumVisualStudioVersion = 10.0.40219.1
Project("{FAE04EC0-301F-11D3-BF4B-00C04F79EFBC}") = "DoctorsWorkStation", "DoctorsWorkStation\DoctorsWorkStation.csproj", "{05BACD41-19DC-4159-9492-58AFA9A92424}"
EndProject
Global
	GlobalSection(SolutionConfigurationPlatforms) = preSolution
		Debug|Any CPU = Debug|Any CPU
		Release|Any CPU = Release|Any CPU
	EndGlobalSection
	GlobalSection(ProjectConfigurationPlatforms) = postSolution
		{05BACD41-19DC-4159-9492-58AFA9A92424}.Debug|Any CPU.ActiveCfg = Debug|Any CPU
		{05BACD41-19DC-4159-9492-58AFA9A92424}.Debug|Any CPU.Build.0 = Debug|Any CPU
		{05BACD41-19DC-4159-9492-58AFA9A92424}.Release|Any CPU.ActiveCfg = Release|Any CPU
		{05BACD41-19DC-4159-9492-58AFA9A92424}.Release|Any CPU.Build.0 = Release|Any CPU
	EndGlobalSection
	GlobalSection(SolutionProperties) = preSolution
		HideSolutionNode = FALSE
	EndGlobalSection
	GlobalSection(ExtensibilityGlobals) = postSolution
		SolutionGuid = {3739DFC4-ECC4-40C9-8BA2-08B4D79EF20D}
	EndGlobalSection
EndGlobal
